// !$*UTF8*$!
{
	archiveVersion = 1;
	classes = {
	};
	objectVersion = 50;
	objects = {

/* Begin PBXBuildFile section */
		304735467FE997570E559675 /* Pods_CalculatorAppTests.framework in Frameworks */ = {isa = PBXBuildFile; fileRef = 2E7034D21BB4507AE419DB9E /* Pods_CalculatorAppTests.framework */; };
		4819E54C218ADFBA00615650 /* AppDelegate.swift in Sources */ = {isa = PBXBuildFile; fileRef = 4819E54B218ADFBA00615650 /* AppDelegate.swift */; };
		4819E54E218ADFBA00615650 /* ViewController.swift in Sources */ = {isa = PBXBuildFile; fileRef = 4819E54D218ADFBA00615650 /* ViewController.swift */; };
		4819E551218ADFBA00615650 /* Main.storyboard in Resources */ = {isa = PBXBuildFile; fileRef = 4819E54F218ADFBA00615650 /* Main.storyboard */; };
		4819E553218ADFBE00615650 /* Assets.xcassets in Resources */ = {isa = PBXBuildFile; fileRef = 4819E552218ADFBE00615650 /* Assets.xcassets */; };
		4819E556218ADFBE00615650 /* LaunchScreen.storyboard in Resources */ = {isa = PBXBuildFile; fileRef = 4819E554218ADFBE00615650 /* LaunchScreen.storyboard */; };
		4819E561218ADFBE00615650 /* CalculatorAppTests.swift in Sources */ = {isa = PBXBuildFile; fileRef = 4819E560218ADFBE00615650 /* CalculatorAppTests.swift */; };
		4819E56C218ADFBE00615650 /* CalculatorAppUITests.swift in Sources */ = {isa = PBXBuildFile; fileRef = 4819E56B218ADFBE00615650 /* CalculatorAppUITests.swift */; };
		6495218A553F1061E5007BB3 /* Pods_CalculatorAppUITests.framework in Frameworks */ = {isa = PBXBuildFile; fileRef = 83FE3C5A0E52B09E4C0C502C /* Pods_CalculatorAppUITests.framework */; };
		C8F8D1E414056D37328C0173 /* Pods_CalculatorApp.framework in Frameworks */ = {isa = PBXBuildFile; fileRef = AD44A26D956E70990AD9751A /* Pods_CalculatorApp.framework */; };
/* End PBXBuildFile section */

/* Begin PBXContainerItemProxy section */
		4819E55D218ADFBE00615650 /* PBXContainerItemProxy */ = {
			isa = PBXContainerItemProxy;
			containerPortal = 4819E540218ADFBA00615650 /* Project object */;
			proxyType = 1;
			remoteGlobalIDString = 4819E547218ADFBA00615650;
			remoteInfo = CalculatorApp;
		};
		4819E568218ADFBE00615650 /* PBXContainerItemProxy */ = {
			isa = PBXContainerItemProxy;
			containerPortal = 4819E540218ADFBA00615650 /* Project object */;
			proxyType = 1;
			remoteGlobalIDString = 4819E547218ADFBA00615650;
			remoteInfo = CalculatorApp;
		};
/* End PBXContainerItemProxy section */

/* Begin PBXFileReference section */
		2E7034D21BB4507AE419DB9E /* Pods_CalculatorAppTests.framework */ = {isa = PBXFileReference; explicitFileType = wrapper.framework; includeInIndex = 0; path = Pods_CalculatorAppTests.framework; sourceTree = BUILT_PRODUCTS_DIR; };
		4819E548218ADFBA00615650 /* CalculatorApp.app */ = {isa = PBXFileReference; explicitFileType = wrapper.application; includeInIndex = 0; path = CalculatorApp.app; sourceTree = BUILT_PRODUCTS_DIR; };
		4819E54B218ADFBA00615650 /* AppDelegate.swift */ = {isa = PBXFileReference; lastKnownFileType = sourcecode.swift; path = AppDelegate.swift; sourceTree = "<group>"; };
		4819E54D218ADFBA00615650 /* ViewController.swift */ = {isa = PBXFileReference; lastKnownFileType = sourcecode.swift; path = ViewController.swift; sourceTree = "<group>"; };
		4819E550218ADFBA00615650 /* Base */ = {isa = PBXFileReference; lastKnownFileType = file.storyboard; name = Base; path = Base.lproj/Main.storyboard; sourceTree = "<group>"; };
		4819E552218ADFBE00615650 /* Assets.xcassets */ = {isa = PBXFileReference; lastKnownFileType = folder.assetcatalog; path = Assets.xcassets; sourceTree = "<group>"; };
		4819E555218ADFBE00615650 /* Base */ = {isa = PBXFileReference; lastKnownFileType = file.storyboard; name = Base; path = Base.lproj/LaunchScreen.storyboard; sourceTree = "<group>"; };
		4819E557218ADFBE00615650 /* Info.plist */ = {isa = PBXFileReference; lastKnownFileType = text.plist.xml; path = Info.plist; sourceTree = "<group>"; };
		4819E55C218ADFBE00615650 /* CalculatorAppTests.xctest */ = {isa = PBXFileReference; explicitFileType = wrapper.cfbundle; includeInIndex = 0; path = CalculatorAppTests.xctest; sourceTree = BUILT_PRODUCTS_DIR; };
		4819E560218ADFBE00615650 /* CalculatorAppTests.swift */ = {isa = PBXFileReference; lastKnownFileType = sourcecode.swift; path = CalculatorAppTests.swift; sourceTree = "<group>"; };
		4819E562218ADFBE00615650 /* Info.plist */ = {isa = PBXFileReference; lastKnownFileType = text.plist.xml; path = Info.plist; sourceTree = "<group>"; };
		4819E567218ADFBE00615650 /* CalculatorAppUITests.xctest */ = {isa = PBXFileReference; explicitFileType = wrapper.cfbundle; includeInIndex = 0; path = CalculatorAppUITests.xctest; sourceTree = BUILT_PRODUCTS_DIR; };
		4819E56B218ADFBE00615650 /* CalculatorAppUITests.swift */ = {isa = PBXFileReference; lastKnownFileType = sourcecode.swift; path = CalculatorAppUITests.swift; sourceTree = "<group>"; };
		4819E56D218ADFBE00615650 /* Info.plist */ = {isa = PBXFileReference; lastKnownFileType = text.plist.xml; path = Info.plist; sourceTree = "<group>"; };
		619ABC73743C8C0EC6B84EA0 /* Pods-CalculatorApp.debug.xcconfig */ = {isa = PBXFileReference; includeInIndex = 1; lastKnownFileType = text.xcconfig; name = "Pods-CalculatorApp.debug.xcconfig"; path = "Pods/Target Support Files/Pods-CalculatorApp/Pods-CalculatorApp.debug.xcconfig"; sourceTree = "<group>"; };
		83FE3C5A0E52B09E4C0C502C /* Pods_CalculatorAppUITests.framework */ = {isa = PBXFileReference; explicitFileType = wrapper.framework; includeInIndex = 0; path = Pods_CalculatorAppUITests.framework; sourceTree = BUILT_PRODUCTS_DIR; };
		AD44A26D956E70990AD9751A /* Pods_CalculatorApp.framework */ = {isa = PBXFileReference; explicitFileType = wrapper.framework; includeInIndex = 0; path = Pods_CalculatorApp.framework; sourceTree = BUILT_PRODUCTS_DIR; };
		B3D562D124115C793D07B7BB /* Pods-CalculatorAppTests.debug.xcconfig */ = {isa = PBXFileReference; includeInIndex = 1; lastKnownFileType = text.xcconfig; name = "Pods-CalculatorAppTests.debug.xcconfig"; path = "Pods/Target Support Files/Pods-CalculatorAppTests/Pods-CalculatorAppTests.debug.xcconfig"; sourceTree = "<group>"; };
		C3BBD551C4D2906E9B37990F /* Pods-CalculatorAppUITests.release.xcconfig */ = {isa = PBXFileReference; includeInIndex = 1; lastKnownFileType = text.xcconfig; name = "Pods-CalculatorAppUITests.release.xcconfig"; path = "Pods/Target Support Files/Pods-CalculatorAppUITests/Pods-CalculatorAppUITests.release.xcconfig"; sourceTree = "<group>"; };
		C7AAFADC72E50D5297B02FD7 /* Pods-CalculatorAppUITests.debug.xcconfig */ = {isa = PBXFileReference; includeInIndex = 1; lastKnownFileType = text.xcconfig; name = "Pods-CalculatorAppUITests.debug.xcconfig"; path = "Pods/Target Support Files/Pods-CalculatorAppUITests/Pods-CalculatorAppUITests.debug.xcconfig"; sourceTree = "<group>"; };
		CAFFCCDEE615D12E5DE3B0F9 /* Pods-CalculatorApp.release.xcconfig */ = {isa = PBXFileReference; includeInIndex = 1; lastKnownFileType = text.xcconfig; name = "Pods-CalculatorApp.release.xcconfig"; path = "Pods/Target Support Files/Pods-CalculatorApp/Pods-CalculatorApp.release.xcconfig"; sourceTree = "<group>"; };
		F8E311CA07B97DA000A1548C /* Pods-CalculatorAppTests.release.xcconfig */ = {isa = PBXFileReference; includeInIndex = 1; lastKnownFileType = text.xcconfig; name = "Pods-CalculatorAppTests.release.xcconfig"; path = "Pods/Target Support Files/Pods-CalculatorAppTests/Pods-CalculatorAppTests.release.xcconfig"; sourceTree = "<group>"; };
/* End PBXFileReference section */

/* Begin PBXFrameworksBuildPhase section */
		4819E545218ADFBA00615650 /* Frameworks */ = {
			isa = PBXFrameworksBuildPhase;
			buildActionMask = 2147483647;
			files = (
				C8F8D1E414056D37328C0173 /* Pods_CalculatorApp.framework in Frameworks */,
			);
			runOnlyForDeploymentPostprocessing = 0;
		};
		4819E559218ADFBE00615650 /* Frameworks */ = {
			isa = PBXFrameworksBuildPhase;
			buildActionMask = 2147483647;
			files = (
				304735467FE997570E559675 /* Pods_CalculatorAppTests.framework in Frameworks */,
			);
			runOnlyForDeploymentPostprocessing = 0;
		};
		4819E564218ADFBE00615650 /* Frameworks */ = {
			isa = PBXFrameworksBuildPhase;
			buildActionMask = 2147483647;
			files = (
				6495218A553F1061E5007BB3 /* Pods_CalculatorAppUITests.framework in Frameworks */,
			);
			runOnlyForDeploymentPostprocessing = 0;
		};
/* End PBXFrameworksBuildPhase section */

/* Begin PBXGroup section */
		00A57773207EC2E2133F4DD5 /* Pods */ = {
			isa = PBXGroup;
			children = (
				619ABC73743C8C0EC6B84EA0 /* Pods-CalculatorApp.debug.xcconfig */,
				CAFFCCDEE615D12E5DE3B0F9 /* Pods-CalculatorApp.release.xcconfig */,
				B3D562D124115C793D07B7BB /* Pods-CalculatorAppTests.debug.xcconfig */,
				F8E311CA07B97DA000A1548C /* Pods-CalculatorAppTests.release.xcconfig */,
				C7AAFADC72E50D5297B02FD7 /* Pods-CalculatorAppUITests.debug.xcconfig */,
				C3BBD551C4D2906E9B37990F /* Pods-CalculatorAppUITests.release.xcconfig */,
			);
			name = Pods;
			sourceTree = "<group>";
		};
		4819E53F218ADFBA00615650 = {
			isa = PBXGroup;
			children = (
				4819E54A218ADFBA00615650 /* CalculatorApp */,
				4819E55F218ADFBE00615650 /* CalculatorAppTests */,
				4819E56A218ADFBE00615650 /* CalculatorAppUITests */,
				4819E549218ADFBA00615650 /* Products */,
				00A57773207EC2E2133F4DD5 /* Pods */,
				D71EA9B3DA1C9DED5E4A06CE /* Frameworks */,
			);
			sourceTree = "<group>";
		};
		4819E549218ADFBA00615650 /* Products */ = {
			isa = PBXGroup;
			children = (
				4819E548218ADFBA00615650 /* CalculatorApp.app */,
				4819E55C218ADFBE00615650 /* CalculatorAppTests.xctest */,
				4819E567218ADFBE00615650 /* CalculatorAppUITests.xctest */,
			);
			name = Products;
			sourceTree = "<group>";
		};
		4819E54A218ADFBA00615650 /* CalculatorApp */ = {
			isa = PBXGroup;
			children = (
				4819E54B218ADFBA00615650 /* AppDelegate.swift */,
				4819E54D218ADFBA00615650 /* ViewController.swift */,
				4819E54F218ADFBA00615650 /* Main.storyboard */,
				4819E552218ADFBE00615650 /* Assets.xcassets */,
				4819E554218ADFBE00615650 /* LaunchScreen.storyboard */,
				4819E557218ADFBE00615650 /* Info.plist */,
			);
			path = CalculatorApp;
			sourceTree = "<group>";
		};
		4819E55F218ADFBE00615650 /* CalculatorAppTests */ = {
			isa = PBXGroup;
			children = (
				4819E560218ADFBE00615650 /* CalculatorAppTests.swift */,
				4819E562218ADFBE00615650 /* Info.plist */,
			);
			path = CalculatorAppTests;
			sourceTree = "<group>";
		};
		4819E56A218ADFBE00615650 /* CalculatorAppUITests */ = {
			isa = PBXGroup;
			children = (
				4819E56B218ADFBE00615650 /* CalculatorAppUITests.swift */,
				4819E56D218ADFBE00615650 /* Info.plist */,
			);
			path = CalculatorAppUITests;
			sourceTree = "<group>";
		};
		D71EA9B3DA1C9DED5E4A06CE /* Frameworks */ = {
			isa = PBXGroup;
			children = (
				AD44A26D956E70990AD9751A /* Pods_CalculatorApp.framework */,
				2E7034D21BB4507AE419DB9E /* Pods_CalculatorAppTests.framework */,
				83FE3C5A0E52B09E4C0C502C /* Pods_CalculatorAppUITests.framework */,
			);
			name = Frameworks;
			sourceTree = "<group>";
		};
/* End PBXGroup section */

/* Begin PBXNativeTarget section */
		4819E547218ADFBA00615650 /* CalculatorApp */ = {
			isa = PBXNativeTarget;
			buildConfigurationList = 4819E570218ADFBE00615650 /* Build configuration list for PBXNativeTarget "CalculatorApp" */;
			buildPhases = (
				7036B5997C32865E4C9E1C43 /* [CP] Check Pods Manifest.lock */,
				4819E544218ADFBA00615650 /* Sources */,
				4819E545218ADFBA00615650 /* Frameworks */,
				4819E546218ADFBA00615650 /* Resources */,
				0162C0CE02F2C08A5DF1705B /* [CP] Embed Pods Frameworks */,
			);
			buildRules = (
			);
			dependencies = (
			);
			name = CalculatorApp;
			productName = CalculatorApp;
			productReference = 4819E548218ADFBA00615650 /* CalculatorApp.app */;
			productType = "com.apple.product-type.application";
		};
		4819E55B218ADFBE00615650 /* CalculatorAppTests */ = {
			isa = PBXNativeTarget;
			buildConfigurationList = 4819E573218ADFBE00615650 /* Build configuration list for PBXNativeTarget "CalculatorAppTests" */;
			buildPhases = (
				4D4E6F2FACC98DD962FAE759 /* [CP] Check Pods Manifest.lock */,
				4819E558218ADFBE00615650 /* Sources */,
				4819E559218ADFBE00615650 /* Frameworks */,
				4819E55A218ADFBE00615650 /* Resources */,
			);
			buildRules = (
			);
			dependencies = (
				4819E55E218ADFBE00615650 /* PBXTargetDependency */,
			);
			name = CalculatorAppTests;
			productName = CalculatorAppTests;
			productReference = 4819E55C218ADFBE00615650 /* CalculatorAppTests.xctest */;
			productType = "com.apple.product-type.bundle.unit-test";
		};
		4819E566218ADFBE00615650 /* CalculatorAppUITests */ = {
			isa = PBXNativeTarget;
			buildConfigurationList = 4819E576218ADFBE00615650 /* Build configuration list for PBXNativeTarget "CalculatorAppUITests" */;
			buildPhases = (
				AFEC986791CDAE2B17858C2E /* [CP] Check Pods Manifest.lock */,
				4819E563218ADFBE00615650 /* Sources */,
				4819E564218ADFBE00615650 /* Frameworks */,
				4819E565218ADFBE00615650 /* Resources */,
			);
			buildRules = (
			);
			dependencies = (
				4819E569218ADFBE00615650 /* PBXTargetDependency */,
			);
			name = CalculatorAppUITests;
			productName = CalculatorAppUITests;
			productReference = 4819E567218ADFBE00615650 /* CalculatorAppUITests.xctest */;
			productType = "com.apple.product-type.bundle.ui-testing";
		};
/* End PBXNativeTarget section */

/* Begin PBXProject section */
		4819E540218ADFBA00615650 /* Project object */ = {
			isa = PBXProject;
			attributes = {
				LastSwiftUpdateCheck = 1000;
				LastUpgradeCheck = 1000;
				ORGANIZATIONNAME = nira;
				TargetAttributes = {
					4819E547218ADFBA00615650 = {
						CreatedOnToolsVersion = 10.0;
					};
					4819E55B218ADFBE00615650 = {
						CreatedOnToolsVersion = 10.0;
						TestTargetID = 4819E547218ADFBA00615650;
					};
					4819E566218ADFBE00615650 = {
						CreatedOnToolsVersion = 10.0;
						TestTargetID = 4819E547218ADFBA00615650;
					};
				};
			};
			buildConfigurationList = 4819E543218ADFBA00615650 /* Build configuration list for PBXProject "CalculatorApp" */;
			compatibilityVersion = "Xcode 9.3";
			developmentRegion = en;
			hasScannedForEncodings = 0;
			knownRegions = (
				en,
				Base,
			);
			mainGroup = 4819E53F218ADFBA00615650;
			productRefGroup = 4819E549218ADFBA00615650 /* Products */;
			projectDirPath = "";
			projectRoot = "";
			targets = (
				4819E547218ADFBA00615650 /* CalculatorApp */,
				4819E55B218ADFBE00615650 /* CalculatorAppTests */,
				4819E566218ADFBE00615650 /* CalculatorAppUITests */,
			);
		};
/* End PBXProject section */

/* Begin PBXResourcesBuildPhase section */
		4819E546218ADFBA00615650 /* Resources */ = {
			isa = PBXResourcesBuildPhase;
			buildActionMask = 2147483647;
			files = (
				4819E556218ADFBE00615650 /* LaunchScreen.storyboard in Resources */,
				4819E553218ADFBE00615650 /* Assets.xcassets in Resources */,
				4819E551218ADFBA00615650 /* Main.storyboard in Resources */,
			);
			runOnlyForDeploymentPostprocessing = 0;
		};
		4819E55A218ADFBE00615650 /* Resources */ = {
			isa = PBXResourcesBuildPhase;
			buildActionMask = 2147483647;
			files = (
			);
			runOnlyForDeploymentPostprocessing = 0;
		};
		4819E565218ADFBE00615650 /* Resources */ = {
			isa = PBXResourcesBuildPhase;
			buildActionMask = 2147483647;
			files = (
			);
			runOnlyForDeploymentPostprocessing = 0;
		};
/* End PBXResourcesBuildPhase section */

/* Begin PBXShellScriptBuildPhase section */
		0162C0CE02F2C08A5DF1705B /* [CP] Embed Pods Frameworks */ = {
			isa = PBXShellScriptBuildPhase;
			buildActionMask = 2147483647;
			files = (
			);
			inputFileListPaths = (
			);
			inputPaths = (
				"${SRCROOT}/Pods/Target Support Files/Pods-CalculatorApp/Pods-CalculatorApp-frameworks.sh",
				"${BUILT_PRODUCTS_DIR}/Expression/Expression.framework",
			);
			name = "[CP] Embed Pods Frameworks";
			outputFileListPaths = (
			);
			outputPaths = (
				"${TARGET_BUILD_DIR}/${FRAMEWORKS_FOLDER_PATH}/Expression.framework",
			);
			runOnlyForDeploymentPostprocessing = 0;
			shellPath = /bin/sh;
			shellScript = "\"${SRCROOT}/Pods/Target Support Files/Pods-CalculatorApp/Pods-CalculatorApp-frameworks.sh\"\n";
			showEnvVarsInLog = 0;
		};
		4D4E6F2FACC98DD962FAE759 /* [CP] Check Pods Manifest.lock */ = {
			isa = PBXShellScriptBuildPhase;
			buildActionMask = 2147483647;
			files = (
			);
			inputFileListPaths = (
			);
			inputPaths = (
				"${PODS_PODFILE_DIR_PATH}/Podfile.lock",
				"${PODS_ROOT}/Manifest.lock",
			);
			name = "[CP] Check Pods Manifest.lock";
			outputFileListPaths = (
			);
			outputPaths = (
				"$(DERIVED_FILE_DIR)/Pods-CalculatorAppTests-checkManifestLockResult.txt",
			);
			runOnlyForDeploymentPostprocessing = 0;
			shellPath = /bin/sh;
			shellScript = "diff \"${PODS_PODFILE_DIR_PATH}/Podfile.lock\" \"${PODS_ROOT}/Manifest.lock\" > /dev/null\nif [ $? != 0 ] ; then\n    # print error to STDERR\n    echo \"error: The sandbox is not in sync with the Podfile.lock. Run 'pod install' or update your CocoaPods installation.\" >&2\n    exit 1\nfi\n# This output is used by Xcode 'outputs' to avoid re-running this script phase.\necho \"SUCCESS\" > \"${SCRIPT_OUTPUT_FILE_0}\"\n";
			showEnvVarsInLog = 0;
		};
		7036B5997C32865E4C9E1C43 /* [CP] Check Pods Manifest.lock */ = {
			isa = PBXShellScriptBuildPhase;
			buildActionMask = 2147483647;
			files = (
			);
			inputFileListPaths = (
			);
			inputPaths = (
				"${PODS_PODFILE_DIR_PATH}/Podfile.lock",
				"${PODS_ROOT}/Manifest.lock",
			);
			name = "[CP] Check Pods Manifest.lock";
			outputFileListPaths = (
			);
			outputPaths = (
				"$(DERIVED_FILE_DIR)/Pods-CalculatorApp-checkManifestLockResult.txt",
			);
			runOnlyForDeploymentPostprocessing = 0;
			shellPath = /bin/sh;
			shellScript = "diff \"${PODS_PODFILE_DIR_PATH}/Podfile.lock\" \"${PODS_ROOT}/Manifest.lock\" > /dev/null\nif [ $? != 0 ] ; then\n    # print error to STDERR\n    echo \"error: The sandbox is not in sync with the Podfile.lock. Run 'pod install' or update your CocoaPods installation.\" >&2\n    exit 1\nfi\n# This output is used by Xcode 'outputs' to avoid re-running this script phase.\necho \"SUCCESS\" > \"${SCRIPT_OUTPUT_FILE_0}\"\n";
			showEnvVarsInLog = 0;
		};
		AFEC986791CDAE2B17858C2E /* [CP] Check Pods Manifest.lock */ = {
			isa = PBXShellScriptBuildPhase;
			buildActionMask = 2147483647;
			files = (
			);
			inputFileListPaths = (
			);
			inputPaths = (
				"${PODS_PODFILE_DIR_PATH}/Podfile.lock",
				"${PODS_ROOT}/Manifest.lock",
			);
			name = "[CP] Check Pods Manifest.lock";
			outputFileListPaths = (
			);
			outputPaths = (
				"$(DERIVED_FILE_DIR)/Pods-CalculatorAppUITests-checkManifestLockResult.txt",
			);
			runOnlyForDeploymentPostprocessing = 0;
			shellPath = /bin/sh;
			shellScript = "diff \"${PODS_PODFILE_DIR_PATH}/Podfile.lock\" \"${PODS_ROOT}/Manifest.lock\" > /dev/null\nif [ $? != 0 ] ; then\n    # print error to STDERR\n    echo \"error: The sandbox is not in sync with the Podfile.lock. Run 'pod install' or update your CocoaPods installation.\" >&2\n    exit 1\nfi\n# This output is used by Xcode 'outputs' to avoid re-running this script phase.\necho \"SUCCESS\" > \"${SCRIPT_OUTPUT_FILE_0}\"\n";
			showEnvVarsInLog = 0;
		};
/* End PBXShellScriptBuildPhase section */

/* Begin PBXSourcesBuildPhase section */
		4819E544218ADFBA00615650 /* Sources */ = {
			isa = PBXSourcesBuildPhase;
			buildActionMask = 2147483647;
			files = (
				4819E54E218ADFBA00615650 /* ViewController.swift in Sources */,
				4819E54C218ADFBA00615650 /* AppDelegate.swift in Sources */,
			);
			runOnlyForDeploymentPostprocessing = 0;
		};
		4819E558218ADFBE00615650 /* Sources */ = {
			isa = PBXSourcesBuildPhase;
			buildActionMask = 2147483647;
			files = (
				4819E561218ADFBE00615650 /* CalculatorAppTests.swift in Sources */,
			);
			runOnlyForDeploymentPostprocessing = 0;
		};
		4819E563218ADFBE00615650 /* Sources */ = {
			isa = PBXSourcesBuildPhase;
			buildActionMask = 2147483647;
			files = (
				4819E56C218ADFBE00615650 /* CalculatorAppUITests.swift in Sources */,
			);
			runOnlyForDeploymentPostprocessing = 0;
		};
/* End PBXSourcesBuildPhase section */

/* Begin PBXTargetDependency section */
		4819E55E218ADFBE00615650 /* PBXTargetDependency */ = {
			isa = PBXTargetDependency;
			target = 4819E547218ADFBA00615650 /* CalculatorApp */;
			targetProxy = 4819E55D218ADFBE00615650 /* PBXContainerItemProxy */;
		};
		4819E569218ADFBE00615650 /* PBXTargetDependency */ = {
			isa = PBXTargetDependency;
			target = 4819E547218ADFBA00615650 /* CalculatorApp */;
			targetProxy = 4819E568218ADFBE00615650 /* PBXContainerItemProxy */;
		};
/* End PBXTargetDependency section */

/* Begin PBXVariantGroup section */
		4819E54F218ADFBA00615650 /* Main.storyboard */ = {
			isa = PBXVariantGroup;
			children = (
				4819E550218ADFBA00615650 /* Base */,
			);
			name = Main.storyboard;
			sourceTree = "<group>";
		};
		4819E554218ADFBE00615650 /* LaunchScreen.storyboard */ = {
			isa = PBXVariantGroup;
			children = (
				4819E555218ADFBE00615650 /* Base */,
			);
			name = LaunchScreen.storyboard;
			sourceTree = "<group>";
		};
/* End PBXVariantGroup section */

/* Begin XCBuildConfiguration section */
		4819E56E218ADFBE00615650 /* Debug */ = {
			isa = XCBuildConfiguration;
			buildSettings = {
				ALWAYS_SEARCH_USER_PATHS = NO;
				CLANG_ANALYZER_NONNULL = YES;
				CLANG_ANALYZER_NUMBER_OBJECT_CONVERSION = YES_AGGRESSIVE;
				CLANG_CXX_LANGUAGE_STANDARD = "gnu++14";
				CLANG_CXX_LIBRARY = "libc++";
				CLANG_ENABLE_MODULES = YES;
				CLANG_ENABLE_OBJC_ARC = YES;
				CLANG_ENABLE_OBJC_WEAK = YES;
				CLANG_WARN_BLOCK_CAPTURE_AUTORELEASING = YES;
				CLANG_WARN_BOOL_CONVERSION = YES;
				CLANG_WARN_COMMA = YES;
				CLANG_WARN_CONSTANT_CONVERSION = YES;
				CLANG_WARN_DEPRECATED_OBJC_IMPLEMENTATIONS = YES;
				CLANG_WARN_DIRECT_OBJC_ISA_USAGE = YES_ERROR;
				CLANG_WARN_DOCUMENTATION_COMMENTS = YES;
				CLANG_WARN_EMPTY_BODY = YES;
				CLANG_WARN_ENUM_CONVERSION = YES;
				CLANG_WARN_INFINITE_RECURSION = YES;
				CLANG_WARN_INT_CONVERSION = YES;
				CLANG_WARN_NON_LITERAL_NULL_CONVERSION = YES;
				CLANG_WARN_OBJC_IMPLICIT_RETAIN_SELF = YES;
				CLANG_WARN_OBJC_LITERAL_CONVERSION = YES;
				CLANG_WARN_OBJC_ROOT_CLASS = YES_ERROR;
				CLANG_WARN_RANGE_LOOP_ANALYSIS = YES;
				CLANG_WARN_STRICT_PROTOTYPES = YES;
				CLANG_WARN_SUSPICIOUS_MOVE = YES;
				CLANG_WARN_UNGUARDED_AVAILABILITY = YES_AGGRESSIVE;
				CLANG_WARN_UNREACHABLE_CODE = YES;
				CLANG_WARN__DUPLICATE_METHOD_MATCH = YES;
				CODE_SIGN_IDENTITY = "iPhone Developer";
				COPY_PHASE_STRIP = NO;
				DEBUG_INFORMATION_FORMAT = dwarf;
				ENABLE_STRICT_OBJC_MSGSEND = YES;
				ENABLE_TESTABILITY = YES;
				GCC_C_LANGUAGE_STANDARD = gnu11;
				GCC_DYNAMIC_NO_PIC = NO;
				GCC_NO_COMMON_BLOCKS = YES;
				GCC_OPTIMIZATION_LEVEL = 0;
				GCC_PREPROCESSOR_DEFINITIONS = (
					"DEBUG=1",
					"$(inherited)",
				);
				GCC_WARN_64_TO_32_BIT_CONVERSION = YES;
				GCC_WARN_ABOUT_RETURN_TYPE = YES_ERROR;
				GCC_WARN_UNDECLARED_SELECTOR = YES;
				GCC_WARN_UNINITIALIZED_AUTOS = YES_AGGRESSIVE;
				GCC_WARN_UNUSED_FUNCTION = YES;
				GCC_WARN_UNUSED_VARIABLE = YES;
				IPHONEOS_DEPLOYMENT_TARGET = 12.0;
				MTL_ENABLE_DEBUG_INFO = INCLUDE_SOURCE;
				MTL_FAST_MATH = YES;
				ONLY_ACTIVE_ARCH = YES;
				SDKROOT = iphoneos;
				SWIFT_ACTIVE_COMPILATION_CONDITIONS = DEBUG;
				SWIFT_OPTIMIZATION_LEVEL = "-Onone";
			};
			name = Debug;
		};
		4819E56F218ADFBE00615650 /* Release */ = {
			isa = XCBuildConfiguration;
			buildSettings = {
				ALWAYS_SEARCH_USER_PATHS = NO;
				CLANG_ANALYZER_NONNULL = YES;
				CLANG_ANALYZER_NUMBER_OBJECT_CONVERSION = YES_AGGRESSIVE;
				CLANG_CXX_LANGUAGE_STANDARD = "gnu++14";
				CLANG_CXX_LIBRARY = "libc++";
				CLANG_ENABLE_MODULES = YES;
				CLANG_ENABLE_OBJC_ARC = YES;
				CLANG_ENABLE_OBJC_WEAK = YES;
				CLANG_WARN_BLOCK_CAPTURE_AUTORELEASING = YES;
				CLANG_WARN_BOOL_CONVERSION = YES;
				CLANG_WARN_COMMA = YES;
				CLANG_WARN_CONSTANT_CONVERSION = YES;
				CLANG_WARN_DEPRECATED_OBJC_IMPLEMENTATIONS = YES;
				CLANG_WARN_DIRECT_OBJC_ISA_USAGE = YES_ERROR;
				CLANG_WARN_DOCUMENTATION_COMMENTS = YES;
				CLANG_WARN_EMPTY_BODY = YES;
				CLANG_WARN_ENUM_CONVERSION = YES;
				CLANG_WARN_INFINITE_RECURSION = YES;
				CLANG_WARN_INT_CONVERSION = YES;
				CLANG_WARN_NON_LITERAL_NULL_CONVERSION = YES;
				CLANG_WARN_OBJC_IMPLICIT_RETAIN_SELF = YES;
				CLANG_WARN_OBJC_LITERAL_CONVERSION = YES;
				CLANG_WARN_OBJC_ROOT_CLASS = YES_ERROR;
				CLANG_WARN_RANGE_LOOP_ANALYSIS = YES;
				CLANG_WARN_STRICT_PROTOTYPES = YES;
				CLANG_WARN_SUSPICIOUS_MOVE = YES;
				CLANG_WARN_UNGUARDED_AVAILABILITY = YES_AGGRESSIVE;
				CLANG_WARN_UNREACHABLE_CODE = YES;
				CLANG_WARN__DUPLICATE_METHOD_MATCH = YES;
				CODE_SIGN_IDENTITY = "iPhone Developer";
				COPY_PHASE_STRIP = NO;
				DEBUG_INFORMATION_FORMAT = "dwarf-with-dsym";
				ENABLE_NS_ASSERTIONS = NO;
				ENABLE_STRICT_OBJC_MSGSEND = YES;
				GCC_C_LANGUAGE_STANDARD = gnu11;
				GCC_NO_COMMON_BLOCKS = YES;
				GCC_WARN_64_TO_32_BIT_CONVERSION = YES;
				GCC_WARN_ABOUT_RETURN_TYPE = YES_ERROR;
				GCC_WARN_UNDECLARED_SELECTOR = YES;
				GCC_WARN_UNINITIALIZED_AUTOS = YES_AGGRESSIVE;
				GCC_WARN_UNUSED_FUNCTION = YES;
				GCC_WARN_UNUSED_VARIABLE = YES;
				IPHONEOS_DEPLOYMENT_TARGET = 12.0;
				MTL_ENABLE_DEBUG_INFO = NO;
				MTL_FAST_MATH = YES;
				SDKROOT = iphoneos;
				SWIFT_COMPILATION_MODE = wholemodule;
				SWIFT_OPTIMIZATION_LEVEL = "-O";
				VALIDATE_PRODUCT = YES;
			};
			name = Release;
		};
		4819E571218ADFBE00615650 /* Debug */ = {
			isa = XCBuildConfiguration;
			baseConfigurationReference = 619ABC73743C8C0EC6B84EA0 /* Pods-CalculatorApp.debug.xcconfig */;
			buildSettings = {
				ASSETCATALOG_COMPILER_APPICON_NAME = AppIcon;
				CODE_SIGN_STYLE = Automatic;
				INFOPLIST_FILE = CalculatorApp/Info.plist;
				LD_RUNPATH_SEARCH_PATHS = (
					"$(inherited)",
					"@executable_path/Frameworks",
				);
				PRODUCT_BUNDLE_IDENTIFIER = nira.CalculatorApp;
				PRODUCT_NAME = "$(TARGET_NAME)";
				SWIFT_VERSION = 4.2;
				TARGETED_DEVICE_FAMILY = "1,2";
			};
			name = Debug;
		};
		4819E572218ADFBE00615650 /* Release */ = {
			isa = XCBuildConfiguration;
			baseConfigurationReference = CAFFCCDEE615D12E5DE3B0F9 /* Pods-CalculatorApp.release.xcconfig */;
			buildSettings = {
				ASSETCATALOG_COMPILER_APPICON_NAME = AppIcon;
				CODE_SIGN_STYLE = Automatic;
				INFOPLIST_FILE = CalculatorApp/Info.plist;
				LD_RUNPATH_SEARCH_PATHS = (
					"$(inherited)",
					"@executable_path/Frameworks",
				);
				PRODUCT_BUNDLE_IDENTIFIER = nira.CalculatorApp;
				PRODUCT_NAME = "$(TARGET_NAME)";
				SWIFT_VERSION = 4.2;
				TARGETED_DEVICE_FAMILY = "1,2";
			};
			name = Release;
		};
		4819E574218ADFBE00615650 /* Debug */ = {
			isa = XCBuildConfiguration;
			baseConfigurationReference = B3D562D124115C793D07B7BB /* Pods-CalculatorAppTests.debug.xcconfig */;
			buildSettings = {
				ALWAYS_EMBED_SWIFT_STANDARD_LIBRARIES = YES;
				BUNDLE_LOADER = "$(TEST_HOST)";
				CODE_SIGN_STYLE = Automatic;
				INFOPLIST_FILE = CalculatorAppTests/Info.plist;
				LD_RUNPATH_SEARCH_PATHS = (
					"$(inherited)",
					"@executable_path/Frameworks",
					"@loader_path/Frameworks",
				);
				PRODUCT_BUNDLE_IDENTIFIER = nira.CalculatorAppTests;
				PRODUCT_NAME = "$(TARGET_NAME)";
				SWIFT_VERSION = 4.2;
				TARGETED_DEVICE_FAMILY = "1,2";
				TEST_HOST = "$(BUILT_PRODUCTS_DIR)/CalculatorApp.app/CalculatorApp";
			};
			name = Debug;
		};
		4819E575218ADFBE00615650 /* Release */ = {
			isa = XCBuildConfiguration;
			baseConfigurationReference = F8E311CA07B97DA000A1548C /* Pods-CalculatorAppTests.release.xcconfig */;
			buildSettings = {
				ALWAYS_EMBED_SWIFT_STANDARD_LIBRARIES = YES;
				BUNDLE_LOADER = "$(TEST_HOST)";
				CODE_SIGN_STYLE = Automatic;
				INFOPLIST_FILE = CalculatorAppTests/Info.plist;
				LD_RUNPATH_SEARCH_PATHS = (
					"$(inherited)",
					"@executable_path/Frameworks",
					"@loader_path/Frameworks",
				);
				PRODUCT_BUNDLE_IDENTIFIER = nira.CalculatorAppTests;
				PRODUCT_NAME = "$(TARGET_NAME)";
				SWIFT_VERSION = 4.2;
				TARGETED_DEVICE_FAMILY = "1,2";
				TEST_HOST = "$(BUILT_PRODUCTS_DIR)/CalculatorApp.app/CalculatorApp";
			};
			name = Release;
		};
		4819E577218ADFBE00615650 /* Debug */ = {
			isa = XCBuildConfiguration;
			baseConfigurationReference = C7AAFADC72E50D5297B02FD7 /* Pods-CalculatorAppUITests.debug.xcconfig */;
			buildSettings = {
				ALWAYS_EMBED_SWIFT_STANDARD_LIBRARIES = YES;
				CODE_SIGN_STYLE = Automatic;
				INFOPLIST_FILE = CalculatorAppUITests/Info.plist;
				LD_RUNPATH_SEARCH_PATHS = (
					"$(inherited)",
					"@executable_path/Frameworks",
					"@loader_path/Frameworks",
				);
				PRODUCT_BUNDLE_IDENTIFIER = nira.CalculatorAppUITests;
				PRODUCT_NAME = "$(TARGET_NAME)";
				SWIFT_VERSION = 4.2;
				TARGETED_DEVICE_FAMILY = "1,2";
				TEST_TARGET_NAME = CalculatorApp;
			};
			name = Debug;
		};
		4819E578218ADFBE00615650 /* Release */ = {
			isa = XCBuildConfiguration;
			baseConfigurationReference = C3BBD551C4D2906E9B37990F /* Pods-CalculatorAppUITests.release.xcconfig */;
			buildSettings = {
				ALWAYS_EMBED_SWIFT_STANDARD_LIBRARIES = YES;
				CODE_SIGN_STYLE = Automatic;
				INFOPLIST_FILE = CalculatorAppUITests/Info.plist;
				LD_RUNPATH_SEARCH_PATHS = (
					"$(inherited)",
					"@executable_path/Frameworks",
					"@loader_path/Frameworks",
				);
				PRODUCT_BUNDLE_IDENTIFIER = nira.CalculatorAppUITests;
				PRODUCT_NAME = "$(TARGET_NAME)";
				SWIFT_VERSION = 4.2;
				TARGETED_DEVICE_FAMILY = "1,2";
				TEST_TARGET_NAME = CalculatorApp;
			};
			name = Release;
		};
/* End XCBuildConfiguration section */

/* Begin XCConfigurationList section */
		4819E543218ADFBA00615650 /* Build configuration list for PBXProject "CalculatorApp" */ = {
			isa = XCConfigurationList;
			buildConfigurations = (
				4819E56E218ADFBE00615650 /* Debug */,
				4819E56F218ADFBE00615650 /* Release */,
			);
			defaultConfigurationIsVisible = 0;
			defaultConfigurationName = Release;
		};
		4819E570218ADFBE00615650 /* Build configuration list for PBXNativeTarget "CalculatorApp" */ = {
			isa = XCConfigurationList;
			buildConfigurations = (
				4819E571218ADFBE00615650 /* Debug */,
				4819E572218ADFBE00615650 /* Release */,
			);
			defaultConfigurationIsVisible = 0;
			defaultConfigurationName = Release;
		};
		4819E573218ADFBE00615650 /* Build configuration list for PBXNativeTarget "CalculatorAppTests" */ = {
			isa = XCConfigurationList;
			buildConfigurations = (
				4819E574218ADFBE00615650 /* Debug */,
				4819E575218ADFBE00615650 /* Release */,
			);
			defaultConfigurationIsVisible = 0;
			defaultConfigurationName = Release;
		};
		4819E576218ADFBE00615650 /* Build configuration list for PBXNativeTarget "CalculatorAppUITests" */ = {
			isa = XCConfigurationList;
			buildConfigurations = (
				4819E577218ADFBE00615650 /* Debug */,
				4819E578218ADFBE00615650 /* Release */,
			);
			defaultConfigurationIsVisible = 0;
			defaultConfigurationName = Release;
		};
/* End XCConfigurationList section */
	};
	rootObject = 4819E540218ADFBA00615650 /* Project object */;
}
